# This is a Gradle generated file for dependency locking.
# Manual edits can break the build and are not advised.
# This file is expected to be part of source control.
com.android.tools.build:apksig:8.7.3=compileClasspath,compileOnlyDependenciesMetadata
com.android.tools.build:apkzlib:8.7.3=compileClasspath,compileOnlyDependenciesMetadata
com.android.tools.build:builder-model:8.7.3=compileClasspath,compileOnlyDependenciesMetadata
com.android.tools.build:builder:8.7.3=compileClasspath,compileOnlyDependenciesMetadata
com.android.tools.build:gradle-api:8.7.3=compileClasspath,compileOnlyDependenciesMetadata
com.android.tools.build:gradle:8.7.3=compileClasspath,compileOnlyDependenciesMetadata
com.android.tools.build:manifest-merger:31.7.3=compileClasspath,compileOnlyDependenciesMetadata
com.android:zipflinger:8.7.3=compileClasspath,compileOnlyDependenciesMetadata
com.squareup:javawriter:2.5.0=compileClasspath,compileOnlyDependenciesMetadata
com.vanniktech:gradle-maven-publish-plugin:0.34.0=compileClasspath,compileOnlyDependenciesMetadata
org.freemarker:freemarker:2.3.32=runtimeClasspath,testRuntimeClasspath
org.jetbrains.dokka:dokka-core:1.9.20=compileClasspath,compileOnlyDependenciesMetadata
org.jetbrains.dokka:dokka-gradle-plugin:1.9.20=compileClasspath,compileOnlyDependenciesMetadata
org.jetbrains.intellij.deps:coverage-report:1.0.25=runtimeClasspath,testRuntimeClasspath
org.jetbrains.intellij.deps:intellij-coverage-agent:1.0.765=runtimeClasspath,testRuntimeClasspath
org.jetbrains.intellij.deps:intellij-coverage-reporter:1.0.765=runtimeClasspath,testRuntimeClasspath
org.jetbrains.intellij.deps:trove4j:1.0.20200330=kotlinBuildToolsApiClasspath,kotlinCompilerClasspath,kotlinKlibCommonizerClasspath
org.jetbrains.kotlin:kotlin-assignment-compiler-plugin-embeddable:1.9.23=kotlinCompilerPluginClasspathMain,kotlinCompilerPluginClasspathTest
org.jetbrains.kotlin:kotlin-build-common:1.9.23=kotlinBuildToolsApiClasspath
org.jetbrains.kotlin:kotlin-build-tools-api:1.9.23=kotlinBuildToolsApiClasspath
org.jetbrains.kotlin:kotlin-build-tools-api:2.1.0=compileClasspath,compileOnlyDependenciesMetadata
org.jetbrains.kotlin:kotlin-build-tools-impl:1.9.23=kotlinBuildToolsApiClasspath
org.jetbrains.kotlin:kotlin-compiler-embeddable:1.9.23=kotlinBuildToolsApiClasspath,kotlinCompilerClasspath,kotlinKlibCommonizerClasspath
org.jetbrains.kotlin:kotlin-compiler-runner:1.9.23=kotlinBuildToolsApiClasspath
org.jetbrains.kotlin:kotlin-daemon-client:1.9.23=kotlinBuildToolsApiClasspath
org.jetbrains.kotlin:kotlin-daemon-embeddable:1.9.23=kotlinBuildToolsApiClasspath,kotlinCompilerClasspath,kotlinKlibCommonizerClasspath
org.jetbrains.kotlin:kotlin-gradle-plugin-annotations:2.1.0=compileClasspath,compileOnlyDependenciesMetadata
org.jetbrains.kotlin:kotlin-gradle-plugin-api:2.1.0=compileClasspath,compileOnlyDependenciesMetadata
org.jetbrains.kotlin:kotlin-gradle-plugin-model:2.1.0=compileClasspath,compileOnlyDependenciesMetadata
org.jetbrains.kotlin:kotlin-gradle-plugin:2.1.0=compileClasspath,compileOnlyDependenciesMetadata
org.jetbrains.kotlin:kotlin-gradle-plugins-bom:2.1.0=compileClasspath,compileOnlyDependenciesMetadata
org.jetbrains.kotlin:kotlin-klib-commonizer-embeddable:1.9.23=kotlinKlibCommonizerClasspath
org.jetbrains.kotlin:kotlin-native-utils:2.1.0=compileClasspath,compileOnlyDependenciesMetadata
org.jetbrains.kotlin:kotlin-reflect:1.6.10=kotlinBuildToolsApiClasspath,kotlinCompilerClasspath,kotlinKlibCommonizerClasspath
org.jetbrains.kotlin:kotlin-reflect:1.9.23=compileClasspath,compileOnlyDependenciesMetadata,embeddedKotlin,testCompileClasspath,testImplementationDependenciesMetadata,testRuntimeClasspath
org.jetbrains.kotlin:kotlin-sam-with-receiver-compiler-plugin-embeddable:1.9.23=kotlinCompilerPluginClasspathMain,kotlinCompilerPluginClasspathTest
org.jetbrains.kotlin:kotlin-script-runtime:1.9.23=kotlinBuildToolsApiClasspath,kotlinCompilerClasspath,kotlinCompilerPluginClasspathMain,kotlinCompilerPluginClasspathTest,kotlinKlibCommonizerClasspath
org.jetbrains.kotlin:kotlin-scripting-common:1.9.23=kotlinCompilerPluginClasspathMain,kotlinCompilerPluginClasspathTest
org.jetbrains.kotlin:kotlin-scripting-compiler-embeddable:1.9.23=kotlinCompilerPluginClasspathMain,kotlinCompilerPluginClasspathTest
org.jetbrains.kotlin:kotlin-scripting-compiler-impl-embeddable:1.9.23=kotlinCompilerPluginClasspathMain,kotlinCompilerPluginClasspathTest
org.jetbrains.kotlin:kotlin-scripting-jvm:1.9.23=kotlinCompilerPluginClasspathMain,kotlinCompilerPluginClasspathTest
org.jetbrains.kotlin:kotlin-stdlib:1.9.23=compileClasspath,compileOnlyDependenciesMetadata,embeddedKotlin,kotlinBuildToolsApiClasspath,kotlinCompilerClasspath,kotlinCompilerPluginClasspathMain,kotlinCompilerPluginClasspathTest,kotlinKlibCommonizerClasspath,testCompileClasspath,testImplementationDependenciesMetadata
org.jetbrains.kotlin:kotlin-stdlib:2.2.0=runtimeClasspath,testRuntimeClasspath
org.jetbrains.kotlin:kotlin-tooling-core:2.1.0=compileClasspath,compileOnlyDependenciesMetadata
org.jetbrains.kotlin:kotlin-util-io:2.1.0=compileClasspath,compileOnlyDependenciesMetadata
org.jetbrains.kotlinx:kotlinx-coroutines-core-jvm:1.5.0=kotlinBuildToolsApiClasspath
org.jetbrains.kotlinx:kover-features-jvm:0.9.7=runtimeClasspath,testRuntimeClasspath
org.jetbrains.kotlinx:kover-gradle-plugin:0.9.7=compileClasspath,implementationDependenciesMetadata,runtimeClasspath,testCompileClasspath,testImplementationDependenciesMetadata,testRuntimeClasspath
org.jetbrains.kotlinx:kover-jvm-agent:0.9.7=runtimeClasspath,testRuntimeClasspath
org.jetbrains:annotations:13.0=compileClasspath,embeddedKotlin,kotlinBuildToolsApiClasspath,kotlinCompilerClasspath,kotlinCompilerPluginClasspathMain,kotlinCompilerPluginClasspathTest,kotlinKlibCommonizerClasspath,testCompileClasspath
org.jetbrains:annotations:16.0.2=runtimeClasspath,testRuntimeClasspath
org.ow2.asm:asm:9.6=compileClasspath,compileOnlyDependenciesMetadata
empty=annotationProcessor,apiDependenciesMetadata,intransitiveDependenciesMetadata,kotlinCompilerPluginClasspath,kotlinNativeCompilerPluginClasspath,kotlinScriptDef,kotlinScriptDefExtensions,testAnnotationProcessor,testApiDependenciesMetadata,testCompileOnlyDependenciesMetadata,testIntransitiveDependenciesMetadata,testKotlinScriptDef,testKotlinScriptDefExtensions
