# This is a Gradle generated file for dependency locking.
# Manual edits can break the build and are not advised.
# This file is expected to be part of source control.
androidx.annotation:annotation-jvm:1.8.0=jvmMainRuntimeClasspath,jvmRuntimeClasspath,jvmTestRuntimeClasspath
androidx.annotation:annotation:1.1.0=allSourceSetsCompileDependenciesMetadata,allTestSourceSetsCompileDependenciesMetadata,commonTestResolvableDependenciesMetadata,jvmMainResolvableDependenciesMetadata,jvmTestResolvableDependenciesMetadata
androidx.annotation:annotation:1.8.0=jvmMainRuntimeClasspath,jvmRuntimeClasspath,jvmTestRuntimeClasspath
androidx.arch.core:core-common:2.2.0=allSourceSetsCompileDependenciesMetadata,allTestSourceSetsCompileDependenciesMetadata,commonTestResolvableDependenciesMetadata,jvmMainResolvableDependenciesMetadata,jvmMainRuntimeClasspath,jvmRuntimeClasspath,jvmTestResolvableDependenciesMetadata,jvmTestRuntimeClasspath
androidx.collection:collection-jvm:1.4.0=jvmMainRuntimeClasspath,jvmRuntimeClasspath,jvmTestRuntimeClasspath
androidx.collection:collection:1.4.0=jvmMainRuntimeClasspath,jvmRuntimeClasspath,jvmTestRuntimeClasspath
androidx.lifecycle:lifecycle-common-jvm:2.8.5=jvmMainRuntimeClasspath,jvmRuntimeClasspath,jvmTestRuntimeClasspath
androidx.lifecycle:lifecycle-common:2.8.5=jvmMainRuntimeClasspath,jvmRuntimeClasspath,jvmTestRuntimeClasspath
androidx.lifecycle:lifecycle-runtime-desktop:2.8.5=jvmMainRuntimeClasspath,jvmRuntimeClasspath,jvmTestRuntimeClasspath
androidx.lifecycle:lifecycle-runtime:2.8.5=jvmMainRuntimeClasspath,jvmRuntimeClasspath,jvmTestRuntimeClasspath
androidx.lifecycle:lifecycle-viewmodel-desktop:2.8.5=jvmMainRuntimeClasspath,jvmRuntimeClasspath,jvmTestRuntimeClasspath
androidx.lifecycle:lifecycle-viewmodel:2.8.5=jvmMainRuntimeClasspath,jvmRuntimeClasspath,jvmTestRuntimeClasspath
app.cash.sqldelight:async-extensions-jvm:2.0.2=jvmMainRuntimeClasspath,jvmRuntimeClasspath,jvmTestRuntimeClasspath
app.cash.sqldelight:async-extensions:2.0.2=allSourceSetsCompileDependenciesMetadata,allTestSourceSetsCompileDependenciesMetadata,commonTestResolvableDependenciesMetadata,jvmMainResolvableDependenciesMetadata,jvmMainRuntimeClasspath,jvmRuntimeClasspath,jvmTestResolvableDependenciesMetadata,jvmTestRuntimeClasspath
app.cash.sqldelight:coroutines-extensions-jvm:2.0.2=jvmMainRuntimeClasspath,jvmRuntimeClasspath,jvmTestRuntimeClasspath
app.cash.sqldelight:coroutines-extensions:2.0.2=allSourceSetsCompileDependenciesMetadata,allTestSourceSetsCompileDependenciesMetadata,commonTestResolvableDependenciesMetadata,jvmMainResolvableDependenciesMetadata,jvmMainRuntimeClasspath,jvmRuntimeClasspath,jvmTestResolvableDependenciesMetadata,jvmTestRuntimeClasspath
app.cash.sqldelight:jdbc-driver:2.0.2=jvmMainRuntimeClasspath,jvmRuntimeClasspath,jvmTestRuntimeClasspath
app.cash.sqldelight:native-driver:2.0.2=allSourceSetsCompileDependenciesMetadata,allTestSourceSetsCompileDependenciesMetadata,commonTestResolvableDependenciesMetadata,jvmMainResolvableDependenciesMetadata,jvmTestResolvableDependenciesMetadata
app.cash.sqldelight:runtime-jvm:2.0.2=jvmCompileClasspath,jvmMainCompileClasspath,jvmMainRuntimeClasspath,jvmRuntimeClasspath,jvmTestCompileClasspath,jvmTestRuntimeClasspath
app.cash.sqldelight:runtime:2.0.2=allSourceSetsCompileDependenciesMetadata,allTestSourceSetsCompileDependenciesMetadata,commonTestResolvableDependenciesMetadata,jvmCompileClasspath,jvmMainCompileClasspath,jvmMainResolvableDependenciesMetadata,jvmMainRuntimeClasspath,jvmRuntimeClasspath,jvmTestCompileClasspath,jvmTestResolvableDependenciesMetadata,jvmTestRuntimeClasspath
app.cash.sqldelight:sqlite-driver:2.0.2=jvmMainRuntimeClasspath,jvmRuntimeClasspath,jvmTestRuntimeClasspath
co.touchlab:sqliter-driver:1.3.1=allSourceSetsCompileDependenciesMetadata,allTestSourceSetsCompileDependenciesMetadata,commonTestResolvableDependenciesMetadata,jvmMainResolvableDependenciesMetadata,jvmTestResolvableDependenciesMetadata
co.touchlab:stately-concurrency:2.0.7=allSourceSetsCompileDependenciesMetadata,allTestSourceSetsCompileDependenciesMetadata,commonTestResolvableDependenciesMetadata,jvmMainResolvableDependenciesMetadata,jvmTestResolvableDependenciesMetadata
co.touchlab:stately-strict:2.0.7=allSourceSetsCompileDependenciesMetadata,allTestSourceSetsCompileDependenciesMetadata,commonTestResolvableDependenciesMetadata,jvmMainResolvableDependenciesMetadata,jvmTestResolvableDependenciesMetadata
com.mchange:c3p0:0.9.5.4=jvmMainRuntimeClasspath,jvmRuntimeClasspath,jvmTestRuntimeClasspath
com.mchange:mchange-commons-java:0.2.15=jvmMainRuntimeClasspath,jvmRuntimeClasspath,jvmTestRuntimeClasspath
com.zaxxer:HikariCP-java7:2.4.13=jvmMainRuntimeClasspath,jvmRuntimeClasspath,jvmTestRuntimeClasspath
io.github.java-diff-utils:java-diff-utils:4.12=kotlinInternalAbiValidation
org.jetbrains.androidx.lifecycle:lifecycle-common:2.8.3=allSourceSetsCompileDependenciesMetadata,allTestSourceSetsCompileDependenciesMetadata,commonTestResolvableDependenciesMetadata,jvmMainResolvableDependenciesMetadata,jvmMainRuntimeClasspath,jvmRuntimeClasspath,jvmTestResolvableDependenciesMetadata,jvmTestRuntimeClasspath
org.jetbrains.androidx.lifecycle:lifecycle-runtime-compose-desktop:2.8.3=jvmMainRuntimeClasspath,jvmRuntimeClasspath,jvmTestRuntimeClasspath
org.jetbrains.androidx.lifecycle:lifecycle-runtime-compose:2.8.3=allSourceSetsCompileDependenciesMetadata,allTestSourceSetsCompileDependenciesMetadata,commonTestResolvableDependenciesMetadata,jvmMainResolvableDependenciesMetadata,jvmMainRuntimeClasspath,jvmRuntimeClasspath,jvmTestResolvableDependenciesMetadata,jvmTestRuntimeClasspath
org.jetbrains.androidx.lifecycle:lifecycle-runtime:2.8.3=allSourceSetsCompileDependenciesMetadata,allTestSourceSetsCompileDependenciesMetadata,commonTestResolvableDependenciesMetadata,jvmMainResolvableDependenciesMetadata,jvmMainRuntimeClasspath,jvmRuntimeClasspath,jvmTestResolvableDependenciesMetadata,jvmTestRuntimeClasspath
org.jetbrains.androidx.lifecycle:lifecycle-viewmodel:2.8.3=allSourceSetsCompileDependenciesMetadata,allTestSourceSetsCompileDependenciesMetadata,commonTestResolvableDependenciesMetadata,jvmMainResolvableDependenciesMetadata,jvmMainRuntimeClasspath,jvmRuntimeClasspath,jvmTestResolvableDependenciesMetadata,jvmTestRuntimeClasspath
org.jetbrains.compose.animation:animation-core-desktop:1.7.0=jvmCompileClasspath,jvmMainCompileClasspath,jvmMainRuntimeClasspath,jvmRuntimeClasspath,jvmTestCompileClasspath,jvmTestRuntimeClasspath
org.jetbrains.compose.animation:animation-core:1.7.0=allSourceSetsCompileDependenciesMetadata,allTestSourceSetsCompileDependenciesMetadata,commonTestResolvableDependenciesMetadata,jvmCompileClasspath,jvmMainCompileClasspath,jvmMainResolvableDependenciesMetadata,jvmMainRuntimeClasspath,jvmRuntimeClasspath,jvmTestCompileClasspath,jvmTestResolvableDependenciesMetadata,jvmTestRuntimeClasspath
org.jetbrains.compose.animation:animation-desktop:1.7.0=jvmCompileClasspath,jvmMainCompileClasspath,jvmMainRuntimeClasspath,jvmRuntimeClasspath,jvmTestCompileClasspath,jvmTestRuntimeClasspath
org.jetbrains.compose.animation:animation:1.7.0=allSourceSetsCompileDependenciesMetadata,allTestSourceSetsCompileDependenciesMetadata,commonTestResolvableDependenciesMetadata,jvmCompileClasspath,jvmMainCompileClasspath,jvmMainResolvableDependenciesMetadata,jvmMainRuntimeClasspath,jvmRuntimeClasspath,jvmTestCompileClasspath,jvmTestResolvableDependenciesMetadata,jvmTestRuntimeClasspath
org.jetbrains.compose.annotation-internal:annotation:1.7.0=allSourceSetsCompileDependenciesMetadata,allTestSourceSetsCompileDependenciesMetadata,commonTestResolvableDependenciesMetadata,jvmMainResolvableDependenciesMetadata,jvmMainRuntimeClasspath,jvmRuntimeClasspath,jvmTestResolvableDependenciesMetadata,jvmTestRuntimeClasspath
org.jetbrains.compose.collection-internal:collection:1.7.0=allSourceSetsCompileDependenciesMetadata,allTestSourceSetsCompileDependenciesMetadata,commonTestResolvableDependenciesMetadata,jvmMainResolvableDependenciesMetadata,jvmMainRuntimeClasspath,jvmRuntimeClasspath,jvmTestResolvableDependenciesMetadata,jvmTestRuntimeClasspath
org.jetbrains.compose.desktop:desktop-jvm-macos-arm64:1.7.0=allSourceSetsCompileDependenciesMetadata,allTestSourceSetsCompileDependenciesMetadata,commonTestResolvableDependenciesMetadata,jvmCompileClasspath,jvmMainCompileClasspath,jvmMainResolvableDependenciesMetadata,jvmMainRuntimeClasspath,jvmRuntimeClasspath,jvmTestCompileClasspath,jvmTestResolvableDependenciesMetadata,jvmTestRuntimeClasspath
org.jetbrains.compose.desktop:desktop-jvm:1.7.0=jvmCompileClasspath,jvmMainCompileClasspath,jvmMainRuntimeClasspath,jvmRuntimeClasspath,jvmTestCompileClasspath,jvmTestRuntimeClasspath
org.jetbrains.compose.desktop:desktop:1.7.0=allSourceSetsCompileDependenciesMetadata,allTestSourceSetsCompileDependenciesMetadata,commonTestResolvableDependenciesMetadata,jvmCompileClasspath,jvmMainCompileClasspath,jvmMainResolvableDependenciesMetadata,jvmMainRuntimeClasspath,jvmRuntimeClasspath,jvmTestCompileClasspath,jvmTestResolvableDependenciesMetadata,jvmTestRuntimeClasspath
org.jetbrains.compose.foundation:foundation-desktop:1.7.0=jvmCompileClasspath,jvmMainCompileClasspath,jvmMainRuntimeClasspath,jvmRuntimeClasspath,jvmTestCompileClasspath,jvmTestRuntimeClasspath
org.jetbrains.compose.foundation:foundation-layout-desktop:1.7.0=jvmCompileClasspath,jvmMainCompileClasspath,jvmMainRuntimeClasspath,jvmRuntimeClasspath,jvmTestCompileClasspath,jvmTestRuntimeClasspath
org.jetbrains.compose.foundation:foundation-layout:1.7.0=allSourceSetsCompileDependenciesMetadata,allTestSourceSetsCompileDependenciesMetadata,commonTestResolvableDependenciesMetadata,jvmCompileClasspath,jvmMainCompileClasspath,jvmMainResolvableDependenciesMetadata,jvmMainRuntimeClasspath,jvmRuntimeClasspath,jvmTestCompileClasspath,jvmTestResolvableDependenciesMetadata,jvmTestRuntimeClasspath
org.jetbrains.compose.foundation:foundation:1.7.0=allSourceSetsCompileDependenciesMetadata,allTestSourceSetsCompileDependenciesMetadata,commonTestResolvableDependenciesMetadata,jvmCompileClasspath,jvmMainCompileClasspath,jvmMainResolvableDependenciesMetadata,jvmMainRuntimeClasspath,jvmRuntimeClasspath,jvmTestCompileClasspath,jvmTestResolvableDependenciesMetadata,jvmTestRuntimeClasspath
org.jetbrains.compose.material3:material3-desktop:1.7.0=jvmCompileClasspath,jvmMainCompileClasspath,jvmMainRuntimeClasspath,jvmRuntimeClasspath,jvmTestCompileClasspath,jvmTestRuntimeClasspath
org.jetbrains.compose.material3:material3:1.7.0=allSourceSetsCompileDependenciesMetadata,allTestSourceSetsCompileDependenciesMetadata,commonTestResolvableDependenciesMetadata,jvmCompileClasspath,jvmMainCompileClasspath,jvmMainResolvableDependenciesMetadata,jvmMainRuntimeClasspath,jvmRuntimeClasspath,jvmTestCompileClasspath,jvmTestResolvableDependenciesMetadata,jvmTestRuntimeClasspath
org.jetbrains.compose.material:material-desktop:1.7.0=jvmCompileClasspath,jvmMainCompileClasspath,jvmMainRuntimeClasspath,jvmRuntimeClasspath,jvmTestCompileClasspath,jvmTestRuntimeClasspath
org.jetbrains.compose.material:material-icons-core-desktop:1.7.0=jvmCompileClasspath,jvmMainCompileClasspath,jvmMainRuntimeClasspath,jvmRuntimeClasspath,jvmTestCompileClasspath,jvmTestRuntimeClasspath
org.jetbrains.compose.material:material-icons-core:1.7.0=allSourceSetsCompileDependenciesMetadata,allTestSourceSetsCompileDependenciesMetadata,commonTestResolvableDependenciesMetadata,jvmCompileClasspath,jvmMainCompileClasspath,jvmMainResolvableDependenciesMetadata,jvmMainRuntimeClasspath,jvmRuntimeClasspath,jvmTestCompileClasspath,jvmTestResolvableDependenciesMetadata,jvmTestRuntimeClasspath
org.jetbrains.compose.material:material-ripple-desktop:1.7.0=jvmCompileClasspath,jvmMainCompileClasspath,jvmMainRuntimeClasspath,jvmRuntimeClasspath,jvmTestCompileClasspath,jvmTestRuntimeClasspath
org.jetbrains.compose.material:material-ripple:1.7.0=allSourceSetsCompileDependenciesMetadata,allTestSourceSetsCompileDependenciesMetadata,commonTestResolvableDependenciesMetadata,jvmCompileClasspath,jvmMainCompileClasspath,jvmMainResolvableDependenciesMetadata,jvmMainRuntimeClasspath,jvmRuntimeClasspath,jvmTestCompileClasspath,jvmTestResolvableDependenciesMetadata,jvmTestRuntimeClasspath
org.jetbrains.compose.material:material:1.7.0=allSourceSetsCompileDependenciesMetadata,allTestSourceSetsCompileDependenciesMetadata,commonTestResolvableDependenciesMetadata,jvmCompileClasspath,jvmMainCompileClasspath,jvmMainResolvableDependenciesMetadata,jvmMainRuntimeClasspath,jvmRuntimeClasspath,jvmTestCompileClasspath,jvmTestResolvableDependenciesMetadata,jvmTestRuntimeClasspath
org.jetbrains.compose.runtime:runtime-desktop:1.7.0=jvmCompileClasspath,jvmMainCompileClasspath,jvmMainRuntimeClasspath,jvmRuntimeClasspath,jvmTestCompileClasspath,jvmTestRuntimeClasspath
org.jetbrains.compose.runtime:runtime-saveable-desktop:1.7.0=jvmCompileClasspath,jvmMainCompileClasspath,jvmMainRuntimeClasspath,jvmRuntimeClasspath,jvmTestCompileClasspath,jvmTestRuntimeClasspath
org.jetbrains.compose.runtime:runtime-saveable:1.7.0=allSourceSetsCompileDependenciesMetadata,allTestSourceSetsCompileDependenciesMetadata,commonTestResolvableDependenciesMetadata,jvmCompileClasspath,jvmMainCompileClasspath,jvmMainResolvableDependenciesMetadata,jvmMainRuntimeClasspath,jvmRuntimeClasspath,jvmTestCompileClasspath,jvmTestResolvableDependenciesMetadata,jvmTestRuntimeClasspath
org.jetbrains.compose.runtime:runtime:1.7.0=allSourceSetsCompileDependenciesMetadata,allTestSourceSetsCompileDependenciesMetadata,commonTestResolvableDependenciesMetadata,jvmCompileClasspath,jvmMainCompileClasspath,jvmMainResolvableDependenciesMetadata,jvmMainRuntimeClasspath,jvmRuntimeClasspath,jvmTestCompileClasspath,jvmTestResolvableDependenciesMetadata,jvmTestRuntimeClasspath
org.jetbrains.compose.ui:ui-desktop:1.7.0=jvmCompileClasspath,jvmMainCompileClasspath,jvmMainRuntimeClasspath,jvmRuntimeClasspath,jvmTestCompileClasspath,jvmTestRuntimeClasspath
org.jetbrains.compose.ui:ui-geometry-desktop:1.7.0=jvmCompileClasspath,jvmMainCompileClasspath,jvmMainRuntimeClasspath,jvmRuntimeClasspath,jvmTestCompileClasspath,jvmTestRuntimeClasspath
org.jetbrains.compose.ui:ui-geometry:1.7.0=allSourceSetsCompileDependenciesMetadata,allTestSourceSetsCompileDependenciesMetadata,commonTestResolvableDependenciesMetadata,jvmCompileClasspath,jvmMainCompileClasspath,jvmMainResolvableDependenciesMetadata,jvmMainRuntimeClasspath,jvmRuntimeClasspath,jvmTestCompileClasspath,jvmTestResolvableDependenciesMetadata,jvmTestRuntimeClasspath
org.jetbrains.compose.ui:ui-graphics-desktop:1.7.0=jvmCompileClasspath,jvmMainCompileClasspath,jvmMainRuntimeClasspath,jvmRuntimeClasspath,jvmTestCompileClasspath,jvmTestRuntimeClasspath
org.jetbrains.compose.ui:ui-graphics:1.7.0=allSourceSetsCompileDependenciesMetadata,allTestSourceSetsCompileDependenciesMetadata,commonTestResolvableDependenciesMetadata,jvmCompileClasspath,jvmMainCompileClasspath,jvmMainResolvableDependenciesMetadata,jvmMainRuntimeClasspath,jvmRuntimeClasspath,jvmTestCompileClasspath,jvmTestResolvableDependenciesMetadata,jvmTestRuntimeClasspath
org.jetbrains.compose.ui:ui-text-desktop:1.7.0=jvmCompileClasspath,jvmMainCompileClasspath,jvmMainRuntimeClasspath,jvmRuntimeClasspath,jvmTestCompileClasspath,jvmTestRuntimeClasspath
org.jetbrains.compose.ui:ui-text:1.7.0=allSourceSetsCompileDependenciesMetadata,allTestSourceSetsCompileDependenciesMetadata,commonTestResolvableDependenciesMetadata,jvmCompileClasspath,jvmMainCompileClasspath,jvmMainResolvableDependenciesMetadata,jvmMainRuntimeClasspath,jvmRuntimeClasspath,jvmTestCompileClasspath,jvmTestResolvableDependenciesMetadata,jvmTestRuntimeClasspath
org.jetbrains.compose.ui:ui-tooling-preview-desktop:1.7.0=jvmCompileClasspath,jvmMainCompileClasspath,jvmMainRuntimeClasspath,jvmRuntimeClasspath,jvmTestCompileClasspath,jvmTestRuntimeClasspath
org.jetbrains.compose.ui:ui-tooling-preview:1.7.0=allSourceSetsCompileDependenciesMetadata,allTestSourceSetsCompileDependenciesMetadata,commonTestResolvableDependenciesMetadata,jvmCompileClasspath,jvmMainCompileClasspath,jvmMainResolvableDependenciesMetadata,jvmMainRuntimeClasspath,jvmRuntimeClasspath,jvmTestCompileClasspath,jvmTestResolvableDependenciesMetadata,jvmTestRuntimeClasspath
org.jetbrains.compose.ui:ui-uikit:1.7.0=allSourceSetsCompileDependenciesMetadata,allTestSourceSetsCompileDependenciesMetadata,commonTestResolvableDependenciesMetadata,jvmMainResolvableDependenciesMetadata,jvmTestResolvableDependenciesMetadata
org.jetbrains.compose.ui:ui-unit-desktop:1.7.0=jvmCompileClasspath,jvmMainCompileClasspath,jvmMainRuntimeClasspath,jvmRuntimeClasspath,jvmTestCompileClasspath,jvmTestRuntimeClasspath
org.jetbrains.compose.ui:ui-unit:1.7.0=allSourceSetsCompileDependenciesMetadata,allTestSourceSetsCompileDependenciesMetadata,commonTestResolvableDependenciesMetadata,jvmCompileClasspath,jvmMainCompileClasspath,jvmMainResolvableDependenciesMetadata,jvmMainRuntimeClasspath,jvmRuntimeClasspath,jvmTestCompileClasspath,jvmTestResolvableDependenciesMetadata,jvmTestRuntimeClasspath
org.jetbrains.compose.ui:ui-util-desktop:1.7.0=jvmCompileClasspath,jvmMainCompileClasspath,jvmMainRuntimeClasspath,jvmRuntimeClasspath,jvmTestCompileClasspath,jvmTestRuntimeClasspath
org.jetbrains.compose.ui:ui-util:1.7.0=allSourceSetsCompileDependenciesMetadata,allTestSourceSetsCompileDependenciesMetadata,commonTestResolvableDependenciesMetadata,jvmCompileClasspath,jvmMainCompileClasspath,jvmMainResolvableDependenciesMetadata,jvmMainRuntimeClasspath,jvmRuntimeClasspath,jvmTestCompileClasspath,jvmTestResolvableDependenciesMetadata,jvmTestRuntimeClasspath
org.jetbrains.compose.ui:ui:1.7.0=allSourceSetsCompileDependenciesMetadata,allTestSourceSetsCompileDependenciesMetadata,commonTestResolvableDependenciesMetadata,jvmCompileClasspath,jvmMainCompileClasspath,jvmMainResolvableDependenciesMetadata,jvmMainRuntimeClasspath,jvmRuntimeClasspath,jvmTestCompileClasspath,jvmTestResolvableDependenciesMetadata,jvmTestRuntimeClasspath
org.jetbrains.kotlin:abi-tools-api:2.3.10=kotlinInternalAbiValidation
org.jetbrains.kotlin:abi-tools:2.3.10=kotlinInternalAbiValidation
org.jetbrains.kotlin:kotlin-build-tools-api:2.3.10=kotlinBuildToolsApiClasspath
org.jetbrains.kotlin:kotlin-build-tools-compat:2.3.10=kotlinBuildToolsApiClasspath
org.jetbrains.kotlin:kotlin-build-tools-impl:2.3.10=kotlinBuildToolsApiClasspath
org.jetbrains.kotlin:kotlin-compiler-embeddable:2.3.10=kotlinBuildToolsApiClasspath,kotlinCompilerClasspath,kotlinKlibCommonizerClasspath
org.jetbrains.kotlin:kotlin-compiler-runner:2.3.10=kotlinBuildToolsApiClasspath
org.jetbrains.kotlin:kotlin-compose-compiler-plugin-embeddable:2.3.10=kotlinCompilerPluginClasspathJvmMain,kotlinCompilerPluginClasspathJvmTest,kotlinCompilerPluginClasspathMetadataMain
org.jetbrains.kotlin:kotlin-daemon-client:2.3.10=kotlinBuildToolsApiClasspath
org.jetbrains.kotlin:kotlin-daemon-embeddable:2.3.10=kotlinBuildToolsApiClasspath,kotlinCompilerClasspath,kotlinKlibCommonizerClasspath
org.jetbrains.kotlin:kotlin-klib-abi-reader:2.3.10=kotlinInternalAbiValidation
org.jetbrains.kotlin:kotlin-klib-commonizer-embeddable:2.3.10=kotlinKlibCommonizerClasspath
org.jetbrains.kotlin:kotlin-metadata-jvm:2.3.10=kotlinInternalAbiValidation
org.jetbrains.kotlin:kotlin-reflect:1.6.10=kotlinBuildToolsApiClasspath,kotlinCompilerClasspath,kotlinKlibCommonizerClasspath
org.jetbrains.kotlin:kotlin-reflect:2.3.10=allSourceSetsCompileDependenciesMetadata,allTestSourceSetsCompileDependenciesMetadata,commonTestResolvableDependenciesMetadata,jvmMainResolvableDependenciesMetadata,jvmMainRuntimeClasspath,jvmRuntimeClasspath,jvmTestResolvableDependenciesMetadata,jvmTestRuntimeClasspath
org.jetbrains.kotlin:kotlin-script-runtime:2.3.10=kotlinBuildToolsApiClasspath,kotlinCompilerClasspath,kotlinCompilerPluginClasspathJvmMain,kotlinCompilerPluginClasspathJvmTest,kotlinCompilerPluginClasspathMetadataMain,kotlinKlibCommonizerClasspath
org.jetbrains.kotlin:kotlin-scripting-common:2.3.10=kotlinCompilerPluginClasspathJvmMain,kotlinCompilerPluginClasspathJvmTest,kotlinCompilerPluginClasspathMetadataMain
org.jetbrains.kotlin:kotlin-scripting-compiler-embeddable:2.3.10=kotlinCompilerPluginClasspathJvmMain,kotlinCompilerPluginClasspathJvmTest,kotlinCompilerPluginClasspathMetadataMain
org.jetbrains.kotlin:kotlin-scripting-compiler-impl-embeddable:2.3.10=kotlinCompilerPluginClasspathJvmMain,kotlinCompilerPluginClasspathJvmTest,kotlinCompilerPluginClasspathMetadataMain
org.jetbrains.kotlin:kotlin-scripting-jvm:2.3.10=kotlinCompilerPluginClasspathJvmMain,kotlinCompilerPluginClasspathJvmTest,kotlinCompilerPluginClasspathMetadataMain
org.jetbrains.kotlin:kotlin-stdlib-common:2.3.10=allSourceSetsCompileDependenciesMetadata,allTestSourceSetsCompileDependenciesMetadata,commonTestResolvableDependenciesMetadata,jvmMainResolvableDependenciesMetadata,jvmMainRuntimeClasspath,jvmTestResolvableDependenciesMetadata
org.jetbrains.kotlin:kotlin-stdlib-jdk7:1.9.24=jvmMainRuntimeClasspath,jvmRuntimeClasspath,jvmTestRuntimeClasspath
org.jetbrains.kotlin:kotlin-stdlib-jdk8:1.9.24=jvmMainRuntimeClasspath,jvmRuntimeClasspath,jvmTestRuntimeClasspath
org.jetbrains.kotlin:kotlin-stdlib:2.3.10=allSourceSetsCompileDependenciesMetadata,allTestSourceSetsCompileDependenciesMetadata,commonMainResolvableDependenciesMetadata,commonTestResolvableDependenciesMetadata,jvmCompileClasspath,jvmMainCompileClasspath,jvmMainResolvableDependenciesMetadata,jvmMainRuntimeClasspath,jvmRuntimeClasspath,jvmTestCompileClasspath,jvmTestResolvableDependenciesMetadata,jvmTestRuntimeClasspath,kotlinBuildToolsApiClasspath,kotlinCompilerClasspath,kotlinCompilerPluginClasspathJvmMain,kotlinCompilerPluginClasspathJvmTest,kotlinCompilerPluginClasspathMetadataMain,kotlinInternalAbiValidation,kotlinKlibCommonizerClasspath,metadataCompileClasspath
org.jetbrains.kotlin:kotlin-tooling-core:2.3.10=kotlinBuildToolsApiClasspath
org.jetbrains.kotlinx:atomicfu-jvm:0.23.2=jvmMainRuntimeClasspath,jvmRuntimeClasspath,jvmTestRuntimeClasspath
org.jetbrains.kotlinx:atomicfu:0.23.2=allSourceSetsCompileDependenciesMetadata,allTestSourceSetsCompileDependenciesMetadata,commonTestResolvableDependenciesMetadata,jvmMainResolvableDependenciesMetadata,jvmMainRuntimeClasspath,jvmRuntimeClasspath,jvmTestResolvableDependenciesMetadata,jvmTestRuntimeClasspath
org.jetbrains.kotlinx:kotlinx-coroutines-bom:1.9.0=jvmCompileClasspath,jvmMainCompileClasspath,jvmMainRuntimeClasspath,jvmRuntimeClasspath,jvmTestCompileClasspath,jvmTestRuntimeClasspath
org.jetbrains.kotlinx:kotlinx-coroutines-core-jvm:1.8.0=kotlinBuildToolsApiClasspath,kotlinCompilerClasspath,kotlinKlibCommonizerClasspath
org.jetbrains.kotlinx:kotlinx-coroutines-core-jvm:1.9.0=jvmCompileClasspath,jvmMainCompileClasspath,jvmMainRuntimeClasspath,jvmRuntimeClasspath,jvmTestCompileClasspath,jvmTestRuntimeClasspath
org.jetbrains.kotlinx:kotlinx-coroutines-core:1.9.0=allSourceSetsCompileDependenciesMetadata,allTestSourceSetsCompileDependenciesMetadata,commonTestResolvableDependenciesMetadata,jvmCompileClasspath,jvmMainCompileClasspath,jvmMainResolvableDependenciesMetadata,jvmMainRuntimeClasspath,jvmRuntimeClasspath,jvmTestCompileClasspath,jvmTestResolvableDependenciesMetadata,jvmTestRuntimeClasspath
org.jetbrains.kotlinx:kotlinx-datetime-jvm:0.6.0=jvmMainRuntimeClasspath,jvmRuntimeClasspath,jvmTestRuntimeClasspath
org.jetbrains.kotlinx:kotlinx-datetime:0.6.0=allSourceSetsCompileDependenciesMetadata,allTestSourceSetsCompileDependenciesMetadata,commonTestResolvableDependenciesMetadata,jvmMainResolvableDependenciesMetadata,jvmMainRuntimeClasspath,jvmRuntimeClasspath,jvmTestResolvableDependenciesMetadata,jvmTestRuntimeClasspath
org.jetbrains.kotlinx:kotlinx-serialization-bom:1.7.3=jvmCompileClasspath,jvmMainCompileClasspath,jvmMainRuntimeClasspath,jvmRuntimeClasspath,jvmTestCompileClasspath,jvmTestRuntimeClasspath
org.jetbrains.kotlinx:kotlinx-serialization-core-jvm:1.7.3=jvmCompileClasspath,jvmMainCompileClasspath,jvmMainRuntimeClasspath,jvmRuntimeClasspath,jvmTestCompileClasspath,jvmTestRuntimeClasspath
org.jetbrains.kotlinx:kotlinx-serialization-core:1.7.3=allSourceSetsCompileDependenciesMetadata,allTestSourceSetsCompileDependenciesMetadata,commonTestResolvableDependenciesMetadata,jvmCompileClasspath,jvmMainCompileClasspath,jvmMainResolvableDependenciesMetadata,jvmMainRuntimeClasspath,jvmRuntimeClasspath,jvmTestCompileClasspath,jvmTestResolvableDependenciesMetadata,jvmTestRuntimeClasspath
org.jetbrains.kotlinx:kotlinx-serialization-json-jvm:1.7.3=jvmCompileClasspath,jvmMainCompileClasspath,jvmMainRuntimeClasspath,jvmRuntimeClasspath,jvmTestCompileClasspath,jvmTestRuntimeClasspath
org.jetbrains.kotlinx:kotlinx-serialization-json:1.7.3=allSourceSetsCompileDependenciesMetadata,allTestSourceSetsCompileDependenciesMetadata,commonTestResolvableDependenciesMetadata,jvmCompileClasspath,jvmMainCompileClasspath,jvmMainResolvableDependenciesMetadata,jvmMainRuntimeClasspath,jvmRuntimeClasspath,jvmTestCompileClasspath,jvmTestResolvableDependenciesMetadata,jvmTestRuntimeClasspath
org.jetbrains.skiko:skiko-awt-runtime-macos-arm64:0.8.15=jvmMainRuntimeClasspath,jvmRuntimeClasspath,jvmTestRuntimeClasspath
org.jetbrains.skiko:skiko-awt:0.8.15=jvmCompileClasspath,jvmMainCompileClasspath,jvmMainRuntimeClasspath,jvmRuntimeClasspath,jvmTestCompileClasspath,jvmTestRuntimeClasspath
org.jetbrains.skiko:skiko:0.8.15=allSourceSetsCompileDependenciesMetadata,allTestSourceSetsCompileDependenciesMetadata,commonTestResolvableDependenciesMetadata,jvmCompileClasspath,jvmMainCompileClasspath,jvmMainResolvableDependenciesMetadata,jvmMainRuntimeClasspath,jvmRuntimeClasspath,jvmTestCompileClasspath,jvmTestResolvableDependenciesMetadata,jvmTestRuntimeClasspath
org.jetbrains:annotations:13.0=kotlinBuildToolsApiClasspath,kotlinCompilerClasspath,kotlinCompilerPluginClasspathJvmMain,kotlinCompilerPluginClasspathJvmTest,kotlinCompilerPluginClasspathMetadataMain,kotlinInternalAbiValidation,kotlinKlibCommonizerClasspath
org.jetbrains:annotations:23.0.0=jvmCompileClasspath,jvmMainCompileClasspath,jvmMainRuntimeClasspath,jvmRuntimeClasspath,jvmTestCompileClasspath,jvmTestRuntimeClasspath
org.quartz-scheduler:quartz:2.3.2=jvmMainRuntimeClasspath,jvmRuntimeClasspath,jvmTestRuntimeClasspath
org.slf4j:slf4j-api:1.7.36=jvmMainRuntimeClasspath,jvmRuntimeClasspath,jvmTestRuntimeClasspath
org.xerial:sqlite-jdbc:3.45.2.0=jvmMainRuntimeClasspath,jvmRuntimeClasspath,jvmTestRuntimeClasspath
empty=commonMainImplementationDependenciesMetadata,commonTestImplementationDependenciesMetadata,jvmMainAnnotationProcessor,jvmMainImplementationDependenciesMetadata,jvmTestAnnotationProcessor,jvmTestImplementationDependenciesMetadata,kotlinCompilerPluginClasspath,kotlinNativeCompilerPluginClasspath,kotlinScriptDefExtensions,testKotlinScriptDefExtensions
